// !$*UTF8*$!
{
	archiveVersion = 1;
	classes = {
	};
	objectVersion = 50;
	objects = {

/* Begin PBXBuildFile section */
		3C5F51C2209DC8AD00EAFAFB /* InteractiveButton.swift in Sources */ = {isa = PBXBuildFile; fileRef = 3C5F51C1209DC8AD00EAFAFB /* InteractiveButton.swift */; };
		3CCEFB7A209D37AB00429258 /* AppDelegate.swift in Sources */ = {isa = PBXBuildFile; fileRef = 3CCEFB79209D37AB00429258 /* AppDelegate.swift */; };
		3CCEFB7D209D37AB00429258 /* Sticky_Notes.xcdatamodeld in Sources */ = {isa = PBXBuildFile; fileRef = 3CCEFB7B209D37AB00429258 /* Sticky_Notes.xcdatamodeld */; };
		3CCEFB7F209D37AD00429258 /* Assets.xcassets in Resources */ = {isa = PBXBuildFile; fileRef = 3CCEFB7E209D37AD00429258 /* Assets.xcassets */; };
		3CCEFB82209D37AD00429258 /* MainMenu.xib in Resources */ = {isa = PBXBuildFile; fileRef = 3CCEFB80209D37AD00429258 /* MainMenu.xib */; };
		3CCEFB8C209D37D000429258 /* StickyWindowController.swift in Sources */ = {isa = PBXBuildFile; fileRef = 3CCEFB8A209D37D000429258 /* StickyWindowController.swift */; };
		3CCEFB8D209D37D000429258 /* StickyWindowController.xib in Resources */ = {isa = PBXBuildFile; fileRef = 3CCEFB8B209D37D000429258 /* StickyWindowController.xib */; };
		3CCEFB8F209D3B0F00429258 /* TrafficLightlessWindow.swift in Sources */ = {isa = PBXBuildFile; fileRef = 3CCEFB8E209D3B0F00429258 /* TrafficLightlessWindow.swift */; };
		3CCEFB91209D402E00429258 /* FlatButton.swift in Sources */ = {isa = PBXBuildFile; fileRef = 3CCEFB90209D402D00429258 /* FlatButton.swift */; };
		3CCEFB94209D4AF800429258 /* DeleteNoteViewController.swift in Sources */ = {isa = PBXBuildFile; fileRef = 3CCEFB92209D4AF800429258 /* DeleteNoteViewController.swift */; };
		3CCEFB95209D4AF800429258 /* DeleteNoteViewController.xib in Resources */ = {isa = PBXBuildFile; fileRef = 3CCEFB93209D4AF800429258 /* DeleteNoteViewController.xib */; };
		3CDEC13E209D5C0C008B0F95 /* sticky.icns in Resources */ = {isa = PBXBuildFile; fileRef = 3CDEC13D209D5C0C008B0F95 /* sticky.icns */; };
/* End PBXBuildFile section */

/* Begin PBXFileReference section */
		3C5F51C1209DC8AD00EAFAFB /* InteractiveButton.swift */ = {isa = PBXFileReference; lastKnownFileType = sourcecode.swift; path = InteractiveButton.swift; sourceTree = "<group>"; };
		3CCEFB76209D37AB00429258 /* Sticky Notes.app */ = {isa = PBXFileReference; explicitFileType = wrapper.application; includeInIndex = 0; path = "Sticky Notes.app"; sourceTree = BUILT_PRODUCTS_DIR; };
		3CCEFB79209D37AB00429258 /* AppDelegate.swift */ = {isa = PBXFileReference; lastKnownFileType = sourcecode.swift; path = AppDelegate.swift; sourceTree = "<group>"; };
		3CCEFB7C209D37AB00429258 /* Sticky_Notes.xcdatamodel */ = {isa = PBXFileReference; lastKnownFileType = wrapper.xcdatamodel; path = Sticky_Notes.xcdatamodel; sourceTree = "<group>"; };
		3CCEFB7E209D37AD00429258 /* Assets.xcassets */ = {isa = PBXFileReference; lastKnownFileType = folder.assetcatalog; path = Assets.xcassets; sourceTree = "<group>"; };
		3CCEFB81209D37AD00429258 /* Base */ = {isa = PBXFileReference; lastKnownFileType = file.xib; name = Base; path = Base.lproj/MainMenu.xib; sourceTree = "<group>"; };
		3CCEFB83209D37AD00429258 /* Info.plist */ = {isa = PBXFileReference; lastKnownFileType = text.plist.xml; path = Info.plist; sourceTree = "<group>"; };
		3CCEFB84209D37AD00429258 /* Sticky_Notes.entitlements */ = {isa = PBXFileReference; lastKnownFileType = text.plist.entitlements; path = Sticky_Notes.entitlements; sourceTree = "<group>"; };
		3CCEFB8A209D37D000429258 /* StickyWindowController.swift */ = {isa = PBXFileReference; lastKnownFileType = sourcecode.swift; path = StickyWindowController.swift; sourceTree = "<group>"; };
		3CCEFB8B209D37D000429258 /* StickyWindowController.xib */ = {isa = PBXFileReference; lastKnownFileType = file.xib; path = StickyWindowController.xib; sourceTree = "<group>"; };
		3CCEFB8E209D3B0F00429258 /* TrafficLightlessWindow.swift */ = {isa = PBXFileReference; lastKnownFileType = sourcecode.swift; path = TrafficLightlessWindow.swift; sourceTree = "<group>"; };
		3CCEFB90209D402D00429258 /* FlatButton.swift */ = {isa = PBXFileReference; fileEncoding = 4; lastKnownFileType = sourcecode.swift; path = FlatButton.swift; sourceTree = "<group>"; };
		3CCEFB92209D4AF800429258 /* DeleteNoteViewController.swift */ = {isa = PBXFileReference; lastKnownFileType = sourcecode.swift; path = DeleteNoteViewController.swift; sourceTree = "<group>"; };
		3CCEFB93209D4AF800429258 /* DeleteNoteViewController.xib */ = {isa = PBXFileReference; lastKnownFileType = file.xib; path = DeleteNoteViewController.xib; sourceTree = "<group>"; };
		3CDEC13D209D5C0C008B0F95 /* sticky.icns */ = {isa = PBXFileReference; lastKnownFileType = image.icns; path = sticky.icns; sourceTree = "<group>"; };
/* End PBXFileReference section */

/* Begin PBXFrameworksBuildPhase section */
		3CCEFB73209D37AB00429258 /* Frameworks */ = {
			isa = PBXFrameworksBuildPhase;
			buildActionMask = 2147483647;
			files = (
			);
			runOnlyForDeploymentPostprocessing = 0;
		};
/* End PBXFrameworksBuildPhase section */

/* Begin PBXGroup section */
		3CCEFB6D209D37AB00429258 = {
			isa = PBXGroup;
			children = (
				3CCEFB78209D37AB00429258 /* Sticky Notes */,
				3CCEFB77209D37AB00429258 /* Products */,
			);
			sourceTree = "<group>";
		};
		3CCEFB77209D37AB00429258 /* Products */ = {
			isa = PBXGroup;
			children = (
				3CCEFB76209D37AB00429258 /* Sticky Notes.app */,
			);
			name = Products;
			sourceTree = "<group>";
		};
		3CCEFB78209D37AB00429258 /* Sticky Notes */ = {
			isa = PBXGroup;
			children = (
				3CDEC13D209D5C0C008B0F95 /* sticky.icns */,
				3CCEFB90209D402D00429258 /* FlatButton.swift */,
				3CCEFB79209D37AB00429258 /* AppDelegate.swift */,
				3CCEFB8A209D37D000429258 /* StickyWindowController.swift */,
				3CCEFB8B209D37D000429258 /* StickyWindowController.xib */,
				3C5F51C1209DC8AD00EAFAFB /* InteractiveButton.swift */,
				3CCEFB92209D4AF800429258 /* DeleteNoteViewController.swift */,
				3CCEFB93209D4AF800429258 /* DeleteNoteViewController.xib */,
				3CCEFB8E209D3B0F00429258 /* TrafficLightlessWindow.swift */,
				3CCEFB7E209D37AD00429258 /* Assets.xcassets */,
				3CCEFB80209D37AD00429258 /* MainMenu.xib */,
				3CCEFB83209D37AD00429258 /* Info.plist */,
				3CCEFB84209D37AD00429258 /* Sticky_Notes.entitlements */,
				3CCEFB7B209D37AB00429258 /* Sticky_Notes.xcdatamodeld */,
			);
			path = "Sticky Notes";
			sourceTree = "<group>";
		};
/* End PBXGroup section */

/* Begin PBXNativeTarget section */
		3CCEFB75209D37AB00429258 /* Sticky Notes */ = {
			isa = PBXNativeTarget;
			buildConfigurationList = 3CCEFB87209D37AD00429258 /* Build configuration list for PBXNativeTarget "Sticky Notes" */;
			buildPhases = (
				3CCEFB72209D37AB00429258 /* Sources */,
				3CCEFB73209D37AB00429258 /* Frameworks */,
				3CCEFB74209D37AB00429258 /* Resources */,
			);
			buildRules = (
			);
			dependencies = (
			);
			name = "Sticky Notes";
			productName = "Sticky Notes";
			productReference = 3CCEFB76209D37AB00429258 /* Sticky Notes.app */;
			productType = "com.apple.product-type.application";
		};
/* End PBXNativeTarget section */

/* Begin PBXProject section */
		3CCEFB6E209D37AB00429258 /* Project object */ = {
			isa = PBXProject;
			attributes = {
				LastSwiftUpdateCheck = 0930;
				LastUpgradeCheck = 0930;
				ORGANIZATIONNAME = Kenny;
				TargetAttributes = {
					3CCEFB75209D37AB00429258 = {
						CreatedOnToolsVersion = 9.3;
						LastSwiftMigration = 1000;
					};
				};
			};
			buildConfigurationList = 3CCEFB71209D37AB00429258 /* Build configuration list for PBXProject "Sticky Notes" */;
			compatibilityVersion = "Xcode 9.3";
			developmentRegion = en;
			hasScannedForEncodings = 0;
			knownRegions = (
				en,
				Base,
			);
			mainGroup = 3CCEFB6D209D37AB00429258;
			productRefGroup = 3CCEFB77209D37AB00429258 /* Products */;
			projectDirPath = "";
			projectRoot = "";
			targets = (
				3CCEFB75209D37AB00429258 /* Sticky Notes */,
			);
		};
/* End PBXProject section */

/* Begin PBXResourcesBuildPhase section */
		3CCEFB74209D37AB00429258 /* Resources */ = {
			isa = PBXResourcesBuildPhase;
			buildActionMask = 2147483647;
			files = (
				3CDEC13E209D5C0C008B0F95 /* sticky.icns in Resources */,
				3CCEFB8D209D37D000429258 /* StickyWindowController.xib in Resources */,
				3CCEFB95209D4AF800429258 /* DeleteNoteViewController.xib in Resources */,
				3CCEFB7F209D37AD00429258 /* Assets.xcassets in Resources */,
				3CCEFB82209D37AD00429258 /* MainMenu.xib in Resources */,
			);
			runOnlyForDeploymentPostprocessing = 0;
		};
/* End PBXResourcesBuildPhase section */

/* Begin PBXSourcesBuildPhase section */
		3CCEFB72209D37AB00429258 /* Sources */ = {
			isa = PBXSourcesBuildPhase;
			buildActionMask = 2147483647;
			files = (
				3CCEFB8C209D37D000429258 /* StickyWindowController.swift in Sources */,
				3CCEFB8F209D3B0F00429258 /* TrafficLightlessWindow.swift in Sources */,
				3CCEFB91209D402E00429258 /* FlatButton.swift in Sources */,
				3CCEFB7D209D37AB00429258 /* Sticky_Notes.xcdatamodeld in Sources */,
				3C5F51C2209DC8AD00EAFAFB /* InteractiveButton.swift in Sources */,
				3CCEFB7A209D37AB00429258 /* AppDelegate.swift in Sources */,
				3CCEFB94209D4AF800429258 /* DeleteNoteViewController.swift in Sources */,
			);
			runOnlyForDeploymentPostprocessing = 0;
		};
/* End PBXSourcesBuildPhase section */

/* Begin PBXVariantGroup section */
		3CCEFB80209D37AD00429258 /* MainMenu.xib */ = {
			isa = PBXVariantGroup;
			children = (
				3CCEFB81209D37AD00429258 /* Base */,
			);
			name = MainMenu.xib;
			sourceTree = "<group>";
		};
/* End PBXVariantGroup section */

/* Begin XCBuildConfiguration section */
		3CCEFB85209D37AD00429258 /* Debug */ = {
			isa = XCBuildConfiguration;
			buildSettings = {
				ALWAYS_SEARCH_USER_PATHS = NO;
				CLANG_ANALYZER_NONNULL = YES;
				CLANG_ANALYZER_NUMBER_OBJECT_CONVERSION = YES_AGGRESSIVE;
				CLANG_CXX_LANGUAGE_STANDARD = "gnu++14";
				CLANG_CXX_LIBRARY = "libc++";
				CLANG_ENABLE_MODULES = YES;
				CLANG_ENABLE_OBJC_ARC = YES;
				CLANG_ENABLE_OBJC_WEAK = YES;
				CLANG_WARN_BLOCK_CAPTURE_AUTORELEASING = YES;
				CLANG_WARN_BOOL_CONVERSION = YES;
				CLANG_WARN_COMMA = YES;
				CLANG_WARN_CONSTANT_CONVERSION = YES;
				CLANG_WARN_DEPRECATED_OBJC_IMPLEMENTATIONS = YES;
				CLANG_WARN_DIRECT_OBJC_ISA_USAGE = YES_ERROR;
				CLANG_WARN_DOCUMENTATION_COMMENTS = YES;
				CLANG_WARN_EMPTY_BODY = YES;
				CLANG_WARN_ENUM_CONVERSION = YES;
				CLANG_WARN_INFINITE_RECURSION = YES;
				CLANG_WARN_INT_CONVERSION = YES;
				CLANG_WARN_NON_LITERAL_NULL_CONVERSION = YES;
				CLANG_WARN_OBJC_IMPLICIT_RETAIN_SELF = YES;
				CLANG_WARN_OBJC_LITERAL_CONVERSION = YES;
				CLANG_WARN_OBJC_ROOT_CLASS = YES_ERROR;
				CLANG_WARN_RANGE_LOOP_ANALYSIS = YES;
				CLANG_WARN_STRICT_PROTOTYPES = YES;
				CLANG_WARN_SUSPICIOUS_MOVE = YES;
				CLANG_WARN_UNGUARDED_AVAILABILITY = YES_AGGRESSIVE;
				CLANG_WARN_UNREACHABLE_CODE = YES;
				CLANG_WARN__DUPLICATE_METHOD_MATCH = YES;
				CODE_SIGN_IDENTITY = "Mac Developer";
				COPY_PHASE_STRIP = NO;
				DEBUG_INFORMATION_FORMAT = dwarf;
				ENABLE_STRICT_OBJC_MSGSEND = YES;
				ENABLE_TESTABILITY = YES;
				GCC_C_LANGUAGE_STANDARD = gnu11;
				GCC_DYNAMIC_NO_PIC = NO;
				GCC_NO_COMMON_BLOCKS = YES;
				GCC_OPTIMIZATION_LEVEL = 0;
				GCC_PREPROCESSOR_DEFINITIONS = (
					"DEBUG=1",
					"$(inherited)",
				);
				GCC_WARN_64_TO_32_BIT_CONVERSION = YES;
				GCC_WARN_ABOUT_RETURN_TYPE = YES_ERROR;
				GCC_WARN_UNDECLARED_SELECTOR = YES;
				GCC_WARN_UNINITIALIZED_AUTOS = YES_AGGRESSIVE;
				GCC_WARN_UNUSED_FUNCTION = YES;
				GCC_WARN_UNUSED_VARIABLE = YES;
				MACOSX_DEPLOYMENT_TARGET = 10.13;
				MTL_ENABLE_DEBUG_INFO = YES;
				ONLY_ACTIVE_ARCH = YES;
				SDKROOT = macosx;
				SWIFT_ACTIVE_COMPILATION_CONDITIONS = DEBUG;
				SWIFT_OPTIMIZATION_LEVEL = "-Onone";
			};
			name = Debug;
		};
		3CCEFB86209D37AD00429258 /* Release */ = {
			isa = XCBuildConfiguration;
			buildSettings = {
				ALWAYS_SEARCH_USER_PATHS = NO;
				CLANG_ANALYZER_NONNULL = YES;
				CLANG_ANALYZER_NUMBER_OBJECT_CONVERSION = YES_AGGRESSIVE;
				CLANG_CXX_LANGUAGE_STANDARD = "gnu++14";
				CLANG_CXX_LIBRARY = "libc++";
				CLANG_ENABLE_MODULES = YES;
				CLANG_ENABLE_OBJC_ARC = YES;
				CLANG_ENABLE_OBJC_WEAK = YES;
				CLANG_WARN_BLOCK_CAPTURE_AUTORELEASING = YES;
				CLANG_WARN_BOOL_CONVERSION = YES;
				CLANG_WARN_COMMA = YES;
				CLANG_WARN_CONSTANT_CONVERSION = YES;
				CLANG_WARN_DEPRECATED_OBJC_IMPLEMENTATIONS = YES;
				CLANG_WARN_DIRECT_OBJC_ISA_USAGE = YES_ERROR;
				CLANG_WARN_DOCUMENTATION_COMMENTS = YES;
				CLANG_WARN_EMPTY_BODY = YES;
				CLANG_WARN_ENUM_CONVERSION = YES;
				CLANG_WARN_INFINITE_RECURSION = YES;
				CLANG_WARN_INT_CONVERSION = YES;
				CLANG_WARN_NON_LITERAL_NULL_CONVERSION = YES;
				CLANG_WARN_OBJC_IMPLICIT_RETAIN_SELF = YES;
				CLANG_WARN_OBJC_LITERAL_CONVERSION = YES;
				CLANG_WARN_OBJC_ROOT_CLASS = YES_ERROR;
				CLANG_WARN_RANGE_LOOP_ANALYSIS = YES;
				CLANG_WARN_STRICT_PROTOTYPES = YES;
				CLANG_WARN_SUSPICIOUS_MOVE = YES;
				CLANG_WARN_UNGUARDED_AVAILABILITY = YES_AGGRESSIVE;
				CLANG_WARN_UNREACHABLE_CODE = YES;
				CLANG_WARN__DUPLICATE_METHOD_MATCH = YES;
				CODE_SIGN_IDENTITY = "Mac Developer";
				COPY_PHASE_STRIP = NO;
				DEBUG_INFORMATION_FORMAT = "dwarf-with-dsym";
				ENABLE_NS_ASSERTIONS = NO;
				ENABLE_STRICT_OBJC_MSGSEND = YES;
				GCC_C_LANGUAGE_STANDARD = gnu11;
				GCC_NO_COMMON_BLOCKS = YES;
				GCC_WARN_64_TO_32_BIT_CONVERSION = YES;
				GCC_WARN_ABOUT_RETURN_TYPE = YES_ERROR;
				GCC_WARN_UNDECLARED_SELECTOR = YES;
				GCC_WARN_UNINITIALIZED_AUTOS = YES_AGGRESSIVE;
				GCC_WARN_UNUSED_FUNCTION = YES;
				GCC_WARN_UNUSED_VARIABLE = YES;
				MACOSX_DEPLOYMENT_TARGET = 10.13;
				MTL_ENABLE_DEBUG_INFO = NO;
				SDKROOT = macosx;
				SWIFT_COMPILATION_MODE = wholemodule;
				SWIFT_OPTIMIZATION_LEVEL = "-O";
			};
			name = Release;
		};
		3CCEFB88209D37AD00429258 /* Debug */ = {
			isa = XCBuildConfiguration;
			buildSettings = {
				CODE_SIGN_ENTITLEMENTS = "Sticky Notes/Sticky_Notes.entitlements";
				CODE_SIGN_STYLE = Automatic;
				COMBINE_HIDPI_IMAGES = YES;
				DEVELOPMENT_TEAM = 54362BT7G2;
				INFOPLIST_FILE = "Sticky Notes/Info.plist";
				LD_RUNPATH_SEARCH_PATHS = (
					"$(inherited)",
					"@executable_path/../Frameworks",
				);
				MACOSX_DEPLOYMENT_TARGET = 10.13;
				PRODUCT_BUNDLE_IDENTIFIER = "com.kenny.Sticky-Notes";
				PRODUCT_NAME = "$(TARGET_NAME)";
				SWIFT_VERSION = 4.2;
			};
			name = Debug;
		};
		3CCEFB89209D37AD00429258 /* Release */ = {
			isa = XCBuildConfiguration;
			buildSettings = {
				CODE_SIGN_ENTITLEMENTS = "Sticky Notes/Sticky_Notes.entitlements";
				CODE_SIGN_STYLE = Automatic;
				COMBINE_HIDPI_IMAGES = YES;
				DEVELOPMENT_TEAM = 54362BT7G2;
				INFOPLIST_FILE = "Sticky Notes/Info.plist";
				LD_RUNPATH_SEARCH_PATHS = (
					"$(inherited)",
					"@executable_path/../Frameworks",
				);
				MACOSX_DEPLOYMENT_TARGET = 10.13;
				PRODUCT_BUNDLE_IDENTIFIER = "com.kenny.Sticky-Notes";
				PRODUCT_NAME = "$(TARGET_NAME)";
				SWIFT_VERSION = 4.2;
			};
			name = Release;
		};
/* End XCBuildConfiguration section */

/* Begin XCConfigurationList section */
		3CCEFB71209D37AB00429258 /* Build configuration list for PBXProject "Sticky Notes" */ = {
			isa = XCConfigurationList;
			buildConfigurations = (
				3CCEFB85209D37AD00429258 /* Debug */,
				3CCEFB86209D37AD00429258 /* Release */,
			);
			defaultConfigurationIsVisible = 0;
			defaultConfigurationName = Release;
		};
		3CCEFB87209D37AD00429258 /* Build configuration list for PBXNativeTarget "Sticky Notes" */ = {
			isa = XCConfigurationList;
			buildConfigurations = (
				3CCEFB88209D37AD00429258 /* Debug */,
				3CCEFB89209D37AD00429258 /* Release */,
			);
			defaultConfigurationIsVisible = 0;
			defaultConfigurationName = Release;
		};
/* End XCConfigurationList section */

/* Begin XCVersionGroup section */
		3CCEFB7B209D37AB00429258 /* Sticky_Notes.xcdatamodeld */ = {
			isa = XCVersionGroup;
			children = (
				3CCEFB7C209D37AB00429258 /* Sticky_Notes.xcdatamodel */,
			);
			currentVersion = 3CCEFB7C209D37AB00429258 /* Sticky_Notes.xcdatamodel */;
			path = Sticky_Notes.xcdatamodeld;
			sourceTree = "<group>";
			versionGroupType = wrapper.xcdatamodel;
		};
/* End XCVersionGroup section */
	};
	rootObject = 3CCEFB6E209D37AB00429258 /* Project object */;
}
